{
  "name": "AgentGPT",
  "lockfileVersion": 3,
  "requires": true,
  "packages": {
    "": {
      "name": "AgentGPT",
      "dependencies": {
        "@prisma/client": "^4.14.0"
      },
      "devDependencies": {
        "prisma": "^4.14.0"
      }
    },
    "node_modules/@prisma/client": {
      "version": "4.14.0",
      "resolved": "https://registry.npmjs.org/@prisma/client/-/client-4.14.0.tgz",
      "integrity": "sha512-MK/XaA2sFdfaOa7I9MjNKz6dxeIEdeZlnpNRoF2w3JuRLlFJLkpp6cD3yaqw2nUUhbrn3Iqe3ZpVV+VuGGil7Q==",
      "hasInstallScript": true,
      "dependencies": {
        "@prisma/engines-version": "4.14.0-67.d9a4c5988f480fa576d43970d5a23641aa77bc9c"
      },
      "engines": {
        "node": ">=14.17"
      },
      "peerDependencies": {
        "prisma": "*"
      },
      "peerDependenciesMeta": {
        "prisma": {
          "optional": true
        }
      }
    },
    "node_modules/@prisma/engines": {
      "version": "4.14.0",
      "resolved": "https://registry.npmjs.org/@prisma/engines/-/engines-4.14.0.tgz",
      "integrity": "sha512-PDNlhP/1vyTgmNyiucGqGCdXIp7HIkkvKO50si3y3PcceeHvqtiKPaH1iJdz63jCWMVMbj2MElSxXPOeBvEVIQ==",
      "devOptional": true,
      "hasInstallScript": true
    },
    "node_modules/@prisma/engines-version": {
      "version": "4.14.0-67.d9a4c5988f480fa576d43970d5a23641aa77bc9c",
      "resolved": "https://registry.npmjs.org/@prisma/engines-version/-/engines-version-4.14.0-67.d9a4c5988f480fa576d43970d5a23641aa77bc9c.tgz",
      "integrity": "sha512-3jum8/YSudeSN0zGW5qkpz+wAN2V/NYCQ+BPjvHYDfWatLWlQkqy99toX0GysDeaUoBIJg1vaz2yKqiA3CFcQw=="
    },
    "node_modules/prisma": {
      "version": "4.14.0",
      "resolved": "https://registry.npmjs.org/prisma/-/prisma-4.14.0.tgz",
      "integrity": "sha512-+5dMl1uxMQb4RepndY6AwR9xi1cDcaGFICu+ws6/Nmgt93mFPNj8tYxSfTdmfg+rkNrUId9rk/Ac2vTgLe/oXA==",
      "devOptional": true,
      "hasInstallScript": true,
      "dependencies": {
        "@prisma/engines": "4.14.0"
      },
      "bin": {
        "prisma": "build/index.js",
        "prisma2": "build/index.js"
      },
      "engines": {
        "node": ">=14.17"
      }
    }
  }
}
