{
  "name": "AgentGPT",
  "lockfileVersion": 3,
  "requires": true,
  "packages": {
    "": {
      "dependencies": {
        "locate": "^0.0.8"
      }
    },
    "node_modules/locate": {
      "version": "0.0.8",
      "resolved": "https://registry.npmjs.org/locate/-/locate-0.0.8.tgz",
      "integrity": "sha512-ejoGv6JbMzY4P5MCkEsHIt9wIrfujf8DoKn5+QgD08XutLY9DFbV1SqnMtUp48yDPEP2u8YDypBuAygYK3hTVQ=="
    }
  }
}
