# THIS IS AN AUTOGENERATED FILE. DO NOT EDIT THIS FILE DIRECTLY.
# yarn lockfile v1


husky@^8.0.3:
  version "8.0.3"
  resolved "https://registry.yarnpkg.com/husky/-/husky-8.0.3.tgz#4936d7212e46d1dea28fef29bb3a108872cd9184"
  integrity sha512-+dQSyqPh4x1hlO1swXBiNb2HzTDN1I2IGLQx1GrBuiqFJfoMrnZWwVmatvSiO+Iz8fBUnf+lekwNo4c2LlXItg==

locate@^0.0.8:
  version "0.0.8"
  resolved "https://registry.yarnpkg.com/locate/-/locate-0.0.8.tgz#1380a287b28edbcfd56b7b2a34469a083a765f9a"
  integrity sha512-ejoGv6JbMzY4P5MCkEsHIt9wIrfujf8DoKn5+QgD08XutLY9DFbV1SqnMtUp48yDPEP2u8YDypBuAygYK3hTVQ==

pinst@^3.0.0:
  version "3.0.0"
  resolved "https://registry.yarnpkg.com/pinst/-/pinst-3.0.0.tgz#80dec0a85f1f993c6084172020f3dbf512897eec"
  integrity sha512-cengSmBxtCyaJqtRSvJorIIZXMXg+lJ3sIljGmtBGUVonMnMsVJbnzl6jGN1HkOWwxNuJynCJ2hXxxqCQrFDdw==
